
Microsoft Visual Studio Solution File, Format Version 12.00
# Visual Studio Version 17
VisualStudioVersion = 17.4.33110.190
MinimumVisualStudioVersion = 10.0.40219.1
Project("{FAE04EC0-301F-11D3-BF4B-00C04F79EFBC}") = "RubiksCubeSolver", "RubiksCubeSolver\RubiksCubeSolver.csproj", "{8EF339BE-774E-4874-BD25-6923A1FB9B44}"
EndProject
Global
	GlobalSection(SolutionConfigurationPlatforms) = preSolution
		Debug|Any CPU = Debug|Any CPU
		Release|Any CPU = Release|Any CPU
	EndGlobalSection
	GlobalSection(ProjectConfigurationPlatforms) = postSolution
		{8EF339BE-774E-4874-BD25-6923A1FB9B44}.Debug|Any CPU.ActiveCfg = Debug|Any CPU
		{8EF339BE-774E-4874-BD25-6923A1FB9B44}.Debug|Any CPU.Build.0 = Debug|Any CPU
		{8EF339BE-774E-4874-BD25-6923A1FB9B44}.Release|Any CPU.ActiveCfg = Release|Any CPU
		{8EF339BE-774E-4874-BD25-6923A1FB9B44}.Release|Any CPU.Build.0 = Release|Any CPU
	EndGlobalSection
	GlobalSection(SolutionProperties) = preSolution
		HideSolutionNode = FALSE
	EndGlobalSection
	GlobalSection(ExtensibilityGlobals) = postSolution
		SolutionGuid = {D145BD6A-5405-42A5-8A3C-32E209B66F03}
	EndGlobalSection
EndGlobal
